
Microsoft Visual Studio Solution File, Format Version 12.00
# Visual Studio Version 17
VisualStudioVersion = 17.4.33213.308
MinimumVisualStudioVersion = 10.0.40219.1
Project("{FAE04EC0-301F-11D3-BF4B-00C04F79EFBC}") = "TableValuedParametersExample", "TableValuedParametersExample.csproj", "{A8C10638-B9B3-422D-80E4-94FCBA768259}"
EndProject
Project("{00D1A9C2-B5F0-4AF3-8072-F6C62B433612}") = "DbExample", "Db\DbExample.sqlproj", "{4B0E9685-0F5B-4A9B-A0B9-707F3BB4794E}"
EndProject
Global
	GlobalSection(SolutionConfigurationPlatforms) = preSolution
		Debug|Any CPU = Debug|Any CPU
		Release|Any CPU = Release|Any CPU
	EndGlobalSection
	GlobalSection(ProjectConfigurationPlatforms) = postSolution
		{A8C10638-B9B3-422D-80E4-94FCBA768259}.Debug|Any CPU.ActiveCfg = Debug|Any CPU
		{A8C10638-B9B3-422D-80E4-94FCBA768259}.Debug|Any CPU.Build.0 = Debug|Any CPU
		{A8C10638-B9B3-422D-80E4-94FCBA768259}.Release|Any CPU.ActiveCfg = Release|Any CPU
		{A8C10638-B9B3-422D-80E4-94FCBA768259}.Release|Any CPU.Build.0 = Release|Any CPU
		{4B0E9685-0F5B-4A9B-A0B9-707F3BB4794E}.Debug|Any CPU.ActiveCfg = Debug|Any CPU
		{4B0E9685-0F5B-4A9B-A0B9-707F3BB4794E}.Debug|Any CPU.Build.0 = Debug|Any CPU
		{4B0E9685-0F5B-4A9B-A0B9-707F3BB4794E}.Debug|Any CPU.Deploy.0 = Debug|Any CPU
		{4B0E9685-0F5B-4A9B-A0B9-707F3BB4794E}.Release|Any CPU.ActiveCfg = Release|Any CPU
		{4B0E9685-0F5B-4A9B-A0B9-707F3BB4794E}.Release|Any CPU.Build.0 = Release|Any CPU
		{4B0E9685-0F5B-4A9B-A0B9-707F3BB4794E}.Release|Any CPU.Deploy.0 = Release|Any CPU
	EndGlobalSection
	GlobalSection(SolutionProperties) = preSolution
		HideSolutionNode = FALSE
	EndGlobalSection
	GlobalSection(ExtensibilityGlobals) = postSolution
		SolutionGuid = {6A908BA7-15E1-457B-82D9-7F80DBE80100}
	EndGlobalSection
EndGlobal
